{
  "originHash" : "0d96f2c2c12af757d4a854691521861d1f2dd5ccd8ea9fb8ac9552432a72c9c2",
  "pins" : [
    {
      "identity" : "textbundle",
      "kind" : "remoteSourceControl",
      "location" : "https://github.com/mcritz/TextBundle.git",
      "state" : {
        "revision" : "6fd4f918150abb7c2f1bbd0cc02ebf5d5b51a1a4",
        "version" : "1.0.7"
      }
    },
    {
      "identity" : "zipfoundation",
      "kind" : "remoteSourceControl",
      "location" : "https://github.com/stovak/ZIPFoundation.git",
      "state" : {
        "branch" : "development",
        "revision" : "52cd8b5c5671265e239582df2259c14947113c00"
      }
    }
  ],
  "version" : 3
}
